
Microsoft Visual Studio Solution File, Format Version 12.00
# Visual Studio 15
VisualStudioVersion = 15.0.27703.2000
MinimumVisualStudioVersion = 10.0.40219.1
Project("{FAE04EC0-301F-11D3-BF4B-00C04F79EFBC}") = "UnitTestProject2", "UnitTestProject2\UnitTestProject2.csproj", "{139E3BD0-AA99-4F94-BFD0-2AE384C82704}"
EndProject
Global
	GlobalSection(SolutionConfigurationPlatforms) = preSolution
		Debug|Any CPU = Debug|Any CPU
		Release|Any CPU = Release|Any CPU
	EndGlobalSection
	GlobalSection(ProjectConfigurationPlatforms) = postSolution
		{139E3BD0-AA99-4F94-BFD0-2AE384C82704}.Debug|Any CPU.ActiveCfg = Debug|Any CPU
		{139E3BD0-AA99-4F94-BFD0-2AE384C82704}.Debug|Any CPU.Build.0 = Debug|Any CPU
		{139E3BD0-AA99-4F94-BFD0-2AE384C82704}.Release|Any CPU.ActiveCfg = Release|Any CPU
		{139E3BD0-AA99-4F94-BFD0-2AE384C82704}.Release|Any CPU.Build.0 = Release|Any CPU
	EndGlobalSection
	GlobalSection(SolutionProperties) = preSolution
		HideSolutionNode = FALSE
	EndGlobalSection
	GlobalSection(ExtensibilityGlobals) = postSolution
		SolutionGuid = {66CB6369-DEC8-4847-8543-5B7E1EEF8A11}
	EndGlobalSection
EndGlobal
